// !$*UTF8*$!
{
	archiveVersion = 1;
	classes = {
	};
	objectVersion = 50;
	objects = {

/* Begin PBXBuildFile section */
		F30C97EA249F583000541C27 /* HeaderView.xib in Resources */ = {isa = PBXBuildFile; fileRef = F30C97E9249F583000541C27 /* HeaderView.xib */; };
		F30C97ED249F587700541C27 /* HeaderView.m in Sources */ = {isa = PBXBuildFile; fileRef = F30C97EC249F587700541C27 /* HeaderView.m */; };
		F30C97F0249F7AAE00541C27 /* GalleryViewController.m in Sources */ = {isa = PBXBuildFile; fileRef = F30C97EF249F7AAE00541C27 /* GalleryViewController.m */; };
		F30C97F5249F7C5A00541C27 /* GalleryCollectionViewCell.m in Sources */ = {isa = PBXBuildFile; fileRef = F30C97F3249F7C5A00541C27 /* GalleryCollectionViewCell.m */; };
		F30C97F6249F7C5A00541C27 /* GalleryCollectionViewCell.xib in Resources */ = {isa = PBXBuildFile; fileRef = F30C97F4249F7C5A00541C27 /* GalleryCollectionViewCell.xib */; };
		F30C97FA249FB63E00541C27 /* DitailedViewController.m in Sources */ = {isa = PBXBuildFile; fileRef = F30C97F8249FB63E00541C27 /* DitailedViewController.m */; };
		F30C97FB249FB63E00541C27 /* DitailedViewController.xib in Resources */ = {isa = PBXBuildFile; fileRef = F30C97F9249FB63E00541C27 /* DitailedViewController.xib */; };
		F30C97FF249FFB1C00541C27 /* HomeViewController.m in Sources */ = {isa = PBXBuildFile; fileRef = F30C97FD249FFB1C00541C27 /* HomeViewController.m */; };
		F30C9800249FFB1C00541C27 /* HomeViewController.xib in Resources */ = {isa = PBXBuildFile; fileRef = F30C97FE249FFB1C00541C27 /* HomeViewController.xib */; };
		F30C980324A0132900541C27 /* RoundedButton.m in Sources */ = {isa = PBXBuildFile; fileRef = F30C980224A0132900541C27 /* RoundedButton.m */; };
		F30C980924A0A40B00541C27 /* CircleView.m in Sources */ = {isa = PBXBuildFile; fileRef = F30C980824A0A40B00541C27 /* CircleView.m */; };
		F30C980D24A0BD3C00541C27 /* StartViewController.m in Sources */ = {isa = PBXBuildFile; fileRef = F30C980B24A0BD3C00541C27 /* StartViewController.m */; };
		F30C980E24A0BD3C00541C27 /* StartViewController.xib in Resources */ = {isa = PBXBuildFile; fileRef = F30C980C24A0BD3C00541C27 /* StartViewController.xib */; };
		F374E422249C26170071790A /* AppDelegate.m in Sources */ = {isa = PBXBuildFile; fileRef = F374E421249C26170071790A /* AppDelegate.m */; };
		F374E42D249C261E0071790A /* Assets.xcassets in Resources */ = {isa = PBXBuildFile; fileRef = F374E42C249C261E0071790A /* Assets.xcassets */; };
		F374E430249C261E0071790A /* LaunchScreen.storyboard in Resources */ = {isa = PBXBuildFile; fileRef = F374E42E249C261E0071790A /* LaunchScreen.storyboard */; };
		F374E433249C261E0071790A /* main.m in Sources */ = {isa = PBXBuildFile; fileRef = F374E432249C261E0071790A /* main.m */; };
		F3919AA9249CCAEF00CBEEA7 /* RootViewController.m in Sources */ = {isa = PBXBuildFile; fileRef = F3919AA8249CCAEF00CBEEA7 /* RootViewController.m */; };
		F39E5BE7249CD28900CB854A /* UIColor+RSSchool.m in Sources */ = {isa = PBXBuildFile; fileRef = F39E5BE6249CD28900CB854A /* UIColor+RSSchool.m */; };
		F39E5BED249D12E900CB854A /* InfoViewController.m in Sources */ = {isa = PBXBuildFile; fileRef = F39E5BEC249D12E900CB854A /* InfoViewController.m */; };
		F39E5BF1249D631800CB854A /* PhotoKitHelper.m in Sources */ = {isa = PBXBuildFile; fileRef = F39E5BF0249D631800CB854A /* PhotoKitHelper.m */; };
		F39E5BF7249DF7ED00CB854A /* InfoTableViewCell.m in Sources */ = {isa = PBXBuildFile; fileRef = F39E5BF5249DF7ED00CB854A /* InfoTableViewCell.m */; };
		F39E5BF8249DF7ED00CB854A /* InfoTableViewCell.xib in Resources */ = {isa = PBXBuildFile; fileRef = F39E5BF6249DF7ED00CB854A /* InfoTableViewCell.xib */; };
/* End PBXBuildFile section */

/* Begin PBXFileReference section */
		F30C97E9249F583000541C27 /* HeaderView.xib */ = {isa = PBXFileReference; lastKnownFileType = file.xib; path = HeaderView.xib; sourceTree = "<group>"; };
		F30C97EB249F587700541C27 /* HeaderView.h */ = {isa = PBXFileReference; lastKnownFileType = sourcecode.c.h; path = HeaderView.h; sourceTree = "<group>"; };
		F30C97EC249F587700541C27 /* HeaderView.m */ = {isa = PBXFileReference; lastKnownFileType = sourcecode.c.objc; path = HeaderView.m; sourceTree = "<group>"; };
		F30C97EE249F7AAE00541C27 /* GalleryViewController.h */ = {isa = PBXFileReference; lastKnownFileType = sourcecode.c.h; path = GalleryViewController.h; sourceTree = "<group>"; };
		F30C97EF249F7AAE00541C27 /* GalleryViewController.m */ = {isa = PBXFileReference; lastKnownFileType = sourcecode.c.objc; path = GalleryViewController.m; sourceTree = "<group>"; };
		F30C97F2249F7C5A00541C27 /* GalleryCollectionViewCell.h */ = {isa = PBXFileReference; lastKnownFileType = sourcecode.c.h; path = GalleryCollectionViewCell.h; sourceTree = "<group>"; };
		F30C97F3249F7C5A00541C27 /* GalleryCollectionViewCell.m */ = {isa = PBXFileReference; lastKnownFileType = sourcecode.c.objc; path = GalleryCollectionViewCell.m; sourceTree = "<group>"; };
		F30C97F4249F7C5A00541C27 /* GalleryCollectionViewCell.xib */ = {isa = PBXFileReference; lastKnownFileType = file.xib; path = GalleryCollectionViewCell.xib; sourceTree = "<group>"; };
		F30C97F7249FB63E00541C27 /* DitailedViewController.h */ = {isa = PBXFileReference; lastKnownFileType = sourcecode.c.h; path = DitailedViewController.h; sourceTree = "<group>"; };
		F30C97F8249FB63E00541C27 /* DitailedViewController.m */ = {isa = PBXFileReference; lastKnownFileType = sourcecode.c.objc; path = DitailedViewController.m; sourceTree = "<group>"; };
		F30C97F9249FB63E00541C27 /* DitailedViewController.xib */ = {isa = PBXFileReference; lastKnownFileType = file.xib; path = DitailedViewController.xib; sourceTree = "<group>"; };
		F30C97FC249FFB1C00541C27 /* HomeViewController.h */ = {isa = PBXFileReference; lastKnownFileType = sourcecode.c.h; path = HomeViewController.h; sourceTree = "<group>"; };
		F30C97FD249FFB1C00541C27 /* HomeViewController.m */ = {isa = PBXFileReference; lastKnownFileType = sourcecode.c.objc; path = HomeViewController.m; sourceTree = "<group>"; };
		F30C97FE249FFB1C00541C27 /* HomeViewController.xib */ = {isa = PBXFileReference; lastKnownFileType = file.xib; path = HomeViewController.xib; sourceTree = "<group>"; };
		F30C980124A0132900541C27 /* RoundedButton.h */ = {isa = PBXFileReference; lastKnownFileType = sourcecode.c.h; path = RoundedButton.h; sourceTree = "<group>"; };
		F30C980224A0132900541C27 /* RoundedButton.m */ = {isa = PBXFileReference; lastKnownFileType = sourcecode.c.objc; path = RoundedButton.m; sourceTree = "<group>"; };
		F30C980724A0A40B00541C27 /* CircleView.h */ = {isa = PBXFileReference; lastKnownFileType = sourcecode.c.h; path = CircleView.h; sourceTree = "<group>"; };
		F30C980824A0A40B00541C27 /* CircleView.m */ = {isa = PBXFileReference; lastKnownFileType = sourcecode.c.objc; path = CircleView.m; sourceTree = "<group>"; };
		F30C980A24A0BD3C00541C27 /* StartViewController.h */ = {isa = PBXFileReference; lastKnownFileType = sourcecode.c.h; path = StartViewController.h; sourceTree = "<group>"; };
		F30C980B24A0BD3C00541C27 /* StartViewController.m */ = {isa = PBXFileReference; lastKnownFileType = sourcecode.c.objc; path = StartViewController.m; sourceTree = "<group>"; };
		F30C980C24A0BD3C00541C27 /* StartViewController.xib */ = {isa = PBXFileReference; lastKnownFileType = file.xib; path = StartViewController.xib; sourceTree = "<group>"; };
		F374E41D249C26170071790A /* rs.ios-stage2-task6.app */ = {isa = PBXFileReference; explicitFileType = wrapper.application; includeInIndex = 0; path = "rs.ios-stage2-task6.app"; sourceTree = BUILT_PRODUCTS_DIR; };
		F374E420249C26170071790A /* AppDelegate.h */ = {isa = PBXFileReference; lastKnownFileType = sourcecode.c.h; path = AppDelegate.h; sourceTree = "<group>"; };
		F374E421249C26170071790A /* AppDelegate.m */ = {isa = PBXFileReference; lastKnownFileType = sourcecode.c.objc; path = AppDelegate.m; sourceTree = "<group>"; };
		F374E42C249C261E0071790A /* Assets.xcassets */ = {isa = PBXFileReference; lastKnownFileType = folder.assetcatalog; path = Assets.xcassets; sourceTree = "<group>"; };
		F374E42F249C261E0071790A /* Base */ = {isa = PBXFileReference; lastKnownFileType = file.storyboard; name = Base; path = Base.lproj/LaunchScreen.storyboard; sourceTree = "<group>"; };
		F374E431249C261E0071790A /* Info.plist */ = {isa = PBXFileReference; lastKnownFileType = text.plist.xml; path = Info.plist; sourceTree = "<group>"; };
		F374E432249C261E0071790A /* main.m */ = {isa = PBXFileReference; lastKnownFileType = sourcecode.c.objc; path = main.m; sourceTree = "<group>"; };
		F3919AA7249CCAEF00CBEEA7 /* RootViewController.h */ = {isa = PBXFileReference; lastKnownFileType = sourcecode.c.h; path = RootViewController.h; sourceTree = "<group>"; };
		F3919AA8249CCAEF00CBEEA7 /* RootViewController.m */ = {isa = PBXFileReference; lastKnownFileType = sourcecode.c.objc; path = RootViewController.m; sourceTree = "<group>"; };
		F39E5BE5249CD28900CB854A /* UIColor+RSSchool.h */ = {isa = PBXFileReference; lastKnownFileType = sourcecode.c.h; path = "UIColor+RSSchool.h"; sourceTree = "<group>"; };
		F39E5BE6249CD28900CB854A /* UIColor+RSSchool.m */ = {isa = PBXFileReference; lastKnownFileType = sourcecode.c.objc; path = "UIColor+RSSchool.m"; sourceTree = "<group>"; };
		F39E5BEB249D12E900CB854A /* InfoViewController.h */ = {isa = PBXFileReference; lastKnownFileType = sourcecode.c.h; path = InfoViewController.h; sourceTree = "<group>"; };
		F39E5BEC249D12E900CB854A /* InfoViewController.m */ = {isa = PBXFileReference; lastKnownFileType = sourcecode.c.objc; path = InfoViewController.m; sourceTree = "<group>"; };
		F39E5BEF249D631800CB854A /* PhotoKitHelper.h */ = {isa = PBXFileReference; lastKnownFileType = sourcecode.c.h; path = PhotoKitHelper.h; sourceTree = "<group>"; };
		F39E5BF0249D631800CB854A /* PhotoKitHelper.m */ = {isa = PBXFileReference; lastKnownFileType = sourcecode.c.objc; path = PhotoKitHelper.m; sourceTree = "<group>"; };
		F39E5BF4249DF7ED00CB854A /* InfoTableViewCell.h */ = {isa = PBXFileReference; lastKnownFileType = sourcecode.c.h; path = InfoTableViewCell.h; sourceTree = "<group>"; };
		F39E5BF5249DF7ED00CB854A /* InfoTableViewCell.m */ = {isa = PBXFileReference; lastKnownFileType = sourcecode.c.objc; path = InfoTableViewCell.m; sourceTree = "<group>"; };
		F39E5BF6249DF7ED00CB854A /* InfoTableViewCell.xib */ = {isa = PBXFileReference; lastKnownFileType = file.xib; path = InfoTableViewCell.xib; sourceTree = "<group>"; };
/* End PBXFileReference section */

/* Begin PBXFrameworksBuildPhase section */
		F374E41A249C26170071790A /* Frameworks */ = {
			isa = PBXFrameworksBuildPhase;
			buildActionMask = 2147483647;
			files = (
			);
			runOnlyForDeploymentPostprocessing = 0;
		};
/* End PBXFrameworksBuildPhase section */

/* Begin PBXGroup section */
		F30C97E8249F57E200541C27 /* EmbendedView */ = {
			isa = PBXGroup;
			children = (
				F30C97E9249F583000541C27 /* HeaderView.xib */,
				F30C97EB249F587700541C27 /* HeaderView.h */,
				F30C97EC249F587700541C27 /* HeaderView.m */,
				F30C980124A0132900541C27 /* RoundedButton.h */,
				F30C980224A0132900541C27 /* RoundedButton.m */,
				F30C980724A0A40B00541C27 /* CircleView.h */,
				F30C980824A0A40B00541C27 /* CircleView.m */,
			);
			path = EmbendedView;
			sourceTree = "<group>";
		};
		F30C97F1249F7C3100541C27 /* GalleryCollectionViewCell */ = {
			isa = PBXGroup;
			children = (
				F30C97F2249F7C5A00541C27 /* GalleryCollectionViewCell.h */,
				F30C97F3249F7C5A00541C27 /* GalleryCollectionViewCell.m */,
				F30C97F4249F7C5A00541C27 /* GalleryCollectionViewCell.xib */,
			);
			path = GalleryCollectionViewCell;
			sourceTree = "<group>";
		};
		F374E414249C26170071790A = {
			isa = PBXGroup;
			children = (
				F374E41F249C26170071790A /* rs.ios-stage2-task6 */,
				F374E41E249C26170071790A /* Products */,
			);
			sourceTree = "<group>";
		};
		F374E41E249C26170071790A /* Products */ = {
			isa = PBXGroup;
			children = (
				F374E41D249C26170071790A /* rs.ios-stage2-task6.app */,
			);
			name = Products;
			sourceTree = "<group>";
		};
		F374E41F249C26170071790A /* rs.ios-stage2-task6 */ = {
			isa = PBXGroup;
			children = (
				F30C97E8249F57E200541C27 /* EmbendedView */,
				F39E5BF2249DF7B500CB854A /* Cells */,
				F39E5BEE249D62C800CB854A /* Helpers */,
				F3919AAA249CD0AE00CBEEA7 /* Extension */,
				F3919AA6249CCABA00CBEEA7 /* ViewControllers */,
				F374E420249C26170071790A /* AppDelegate.h */,
				F374E421249C26170071790A /* AppDelegate.m */,
				F374E42C249C261E0071790A /* Assets.xcassets */,
				F374E42E249C261E0071790A /* LaunchScreen.storyboard */,
				F374E431249C261E0071790A /* Info.plist */,
				F374E432249C261E0071790A /* main.m */,
			);
			path = "rs.ios-stage2-task6";
			sourceTree = "<group>";
		};
		F3919AA6249CCABA00CBEEA7 /* ViewControllers */ = {
			isa = PBXGroup;
			children = (
				F3919AA7249CCAEF00CBEEA7 /* RootViewController.h */,
				F3919AA8249CCAEF00CBEEA7 /* RootViewController.m */,
				F39E5BEB249D12E900CB854A /* InfoViewController.h */,
				F39E5BEC249D12E900CB854A /* InfoViewController.m */,
				F30C97EE249F7AAE00541C27 /* GalleryViewController.h */,
				F30C97EF249F7AAE00541C27 /* GalleryViewController.m */,
				F30C97F7249FB63E00541C27 /* DitailedViewController.h */,
				F30C97F8249FB63E00541C27 /* DitailedViewController.m */,
				F30C97F9249FB63E00541C27 /* DitailedViewController.xib */,
				F30C97FC249FFB1C00541C27 /* HomeViewController.h */,
				F30C97FD249FFB1C00541C27 /* HomeViewController.m */,
				F30C97FE249FFB1C00541C27 /* HomeViewController.xib */,
				F30C980A24A0BD3C00541C27 /* StartViewController.h */,
				F30C980B24A0BD3C00541C27 /* StartViewController.m */,
				F30C980C24A0BD3C00541C27 /* StartViewController.xib */,
			);
			path = ViewControllers;
			sourceTree = "<group>";
		};
		F3919AAA249CD0AE00CBEEA7 /* Extension */ = {
			isa = PBXGroup;
			children = (
				F39E5BE5249CD28900CB854A /* UIColor+RSSchool.h */,
				F39E5BE6249CD28900CB854A /* UIColor+RSSchool.m */,
			);
			path = Extension;
			sourceTree = "<group>";
		};
		F39E5BEE249D62C800CB854A /* Helpers */ = {
			isa = PBXGroup;
			children = (
				F39E5BEF249D631800CB854A /* PhotoKitHelper.h */,
				F39E5BF0249D631800CB854A /* PhotoKitHelper.m */,
			);
			path = Helpers;
			sourceTree = "<group>";
		};
		F39E5BF2249DF7B500CB854A /* Cells */ = {
			isa = PBXGroup;
			children = (
				F30C97F1249F7C3100541C27 /* GalleryCollectionViewCell */,
				F39E5BF3249DF7C500CB854A /* InfoTableViewCell */,
			);
			path = Cells;
			sourceTree = "<group>";
		};
		F39E5BF3249DF7C500CB854A /* InfoTableViewCell */ = {
			isa = PBXGroup;
			children = (
				F39E5BF4249DF7ED00CB854A /* InfoTableViewCell.h */,
				F39E5BF5249DF7ED00CB854A /* InfoTableViewCell.m */,
				F39E5BF6249DF7ED00CB854A /* InfoTableViewCell.xib */,
			);
			path = InfoTableViewCell;
			sourceTree = "<group>";
		};
/* End PBXGroup section */

/* Begin PBXNativeTarget section */
		F374E41C249C26170071790A /* rs.ios-stage2-task6 */ = {
			isa = PBXNativeTarget;
			buildConfigurationList = F374E436249C261E0071790A /* Build configuration list for PBXNativeTarget "rs.ios-stage2-task6" */;
			buildPhases = (
				F374E419249C26170071790A /* Sources */,
				F374E41A249C26170071790A /* Frameworks */,
				F374E41B249C26170071790A /* Resources */,
			);
			buildRules = (
			);
			dependencies = (
			);
			name = "rs.ios-stage2-task6";
			productName = "rs.ios-stage2-task6";
			productReference = F374E41D249C26170071790A /* rs.ios-stage2-task6.app */;
			productType = "com.apple.product-type.application";
		};
/* End PBXNativeTarget section */

/* Begin PBXProject section */
		F374E415249C26170071790A /* Project object */ = {
			isa = PBXProject;
			attributes = {
				LastUpgradeCheck = 1150;
				ORGANIZATIONNAME = "Pavel N";
				TargetAttributes = {
					F374E41C249C26170071790A = {
						CreatedOnToolsVersion = 11.5;
					};
				};
			};
			buildConfigurationList = F374E418249C26170071790A /* Build configuration list for PBXProject "rs.ios-stage2-task6" */;
			compatibilityVersion = "Xcode 9.3";
			developmentRegion = en;
			hasScannedForEncodings = 0;
			knownRegions = (
				en,
				Base,
			);
			mainGroup = F374E414249C26170071790A;
			productRefGroup = F374E41E249C26170071790A /* Products */;
			projectDirPath = "";
			projectRoot = "";
			targets = (
				F374E41C249C26170071790A /* rs.ios-stage2-task6 */,
			);
		};
/* End PBXProject section */

/* Begin PBXResourcesBuildPhase section */
		F374E41B249C26170071790A /* Resources */ = {
			isa = PBXResourcesBuildPhase;
			buildActionMask = 2147483647;
			files = (
				F374E430249C261E0071790A /* LaunchScreen.storyboard in Resources */,
				F39E5BF8249DF7ED00CB854A /* InfoTableViewCell.xib in Resources */,
				F30C97FB249FB63E00541C27 /* DitailedViewController.xib in Resources */,
				F374E42D249C261E0071790A /* Assets.xcassets in Resources */,
				F30C97F6249F7C5A00541C27 /* GalleryCollectionViewCell.xib in Resources */,
				F30C980E24A0BD3C00541C27 /* StartViewController.xib in Resources */,
				F30C9800249FFB1C00541C27 /* HomeViewController.xib in Resources */,
				F30C97EA249F583000541C27 /* HeaderView.xib in Resources */,
			);
			runOnlyForDeploymentPostprocessing = 0;
		};
/* End PBXResourcesBuildPhase section */

/* Begin PBXSourcesBuildPhase section */
		F374E419249C26170071790A /* Sources */ = {
			isa = PBXSourcesBuildPhase;
			buildActionMask = 2147483647;
			files = (
				F374E422249C26170071790A /* AppDelegate.m in Sources */,
				F39E5BF1249D631800CB854A /* PhotoKitHelper.m in Sources */,
				F374E433249C261E0071790A /* main.m in Sources */,
				F30C97ED249F587700541C27 /* HeaderView.m in Sources */,
				F30C980924A0A40B00541C27 /* CircleView.m in Sources */,
				F30C97FA249FB63E00541C27 /* DitailedViewController.m in Sources */,
				F39E5BE7249CD28900CB854A /* UIColor+RSSchool.m in Sources */,
				F30C97F5249F7C5A00541C27 /* GalleryCollectionViewCell.m in Sources */,
				F39E5BED249D12E900CB854A /* InfoViewController.m in Sources */,
				F30C980324A0132900541C27 /* RoundedButton.m in Sources */,
				F3919AA9249CCAEF00CBEEA7 /* RootViewController.m in Sources */,
				F39E5BF7249DF7ED00CB854A /* InfoTableViewCell.m in Sources */,
				F30C980D24A0BD3C00541C27 /* StartViewController.m in Sources */,
				F30C97F0249F7AAE00541C27 /* GalleryViewController.m in Sources */,
				F30C97FF249FFB1C00541C27 /* HomeViewController.m in Sources */,
			);
			runOnlyForDeploymentPostprocessing = 0;
		};
/* End PBXSourcesBuildPhase section */

/* Begin PBXVariantGroup section */
		F374E42E249C261E0071790A /* LaunchScreen.storyboard */ = {
			isa = PBXVariantGroup;
			children = (
				F374E42F249C261E0071790A /* Base */,
			);
			name = LaunchScreen.storyboard;
			sourceTree = "<group>";
		};
/* End PBXVariantGroup section */

/* Begin XCBuildConfiguration section */
		F374E434249C261E0071790A /* Debug */ = {
			isa = XCBuildConfiguration;
			buildSettings = {
				ALWAYS_SEARCH_USER_PATHS = NO;
				CLANG_ANALYZER_NONNULL = YES;
				CLANG_ANALYZER_NUMBER_OBJECT_CONVERSION = YES_AGGRESSIVE;
				CLANG_CXX_LANGUAGE_STANDARD = "gnu++14";
				CLANG_CXX_LIBRARY = "libc++";
				CLANG_ENABLE_MODULES = YES;
				CLANG_ENABLE_OBJC_ARC = YES;
				CLANG_ENABLE_OBJC_WEAK = YES;
				CLANG_WARN_BLOCK_CAPTURE_AUTORELEASING = YES;
				CLANG_WARN_BOOL_CONVERSION = YES;
				CLANG_WARN_COMMA = YES;
				CLANG_WARN_CONSTANT_CONVERSION = YES;
				CLANG_WARN_DEPRECATED_OBJC_IMPLEMENTATIONS = YES;
				CLANG_WARN_DIRECT_OBJC_ISA_USAGE = YES_ERROR;
				CLANG_WARN_DOCUMENTATION_COMMENTS = YES;
				CLANG_WARN_EMPTY_BODY = YES;
				CLANG_WARN_ENUM_CONVERSION = YES;
				CLANG_WARN_INFINITE_RECURSION = YES;
				CLANG_WARN_INT_CONVERSION = YES;
				CLANG_WARN_NON_LITERAL_NULL_CONVERSION = YES;
				CLANG_WARN_OBJC_IMPLICIT_RETAIN_SELF = YES;
				CLANG_WARN_OBJC_LITERAL_CONVERSION = YES;
				CLANG_WARN_OBJC_ROOT_CLASS = YES_ERROR;
				CLANG_WARN_RANGE_LOOP_ANALYSIS = YES;
				CLANG_WARN_STRICT_PROTOTYPES = YES;
				CLANG_WARN_SUSPICIOUS_MOVE = YES;
				CLANG_WARN_UNGUARDED_AVAILABILITY = YES_AGGRESSIVE;
				CLANG_WARN_UNREACHABLE_CODE = YES;
				CLANG_WARN__DUPLICATE_METHOD_MATCH = YES;
				COPY_PHASE_STRIP = NO;
				DEBUG_INFORMATION_FORMAT = dwarf;
				ENABLE_STRICT_OBJC_MSGSEND = YES;
				ENABLE_TESTABILITY = YES;
				GCC_C_LANGUAGE_STANDARD = gnu11;
				GCC_DYNAMIC_NO_PIC = NO;
				GCC_NO_COMMON_BLOCKS = YES;
				GCC_OPTIMIZATION_LEVEL = 0;
				GCC_PREPROCESSOR_DEFINITIONS = (
					"DEBUG=1",
					"$(inherited)",
				);
				GCC_WARN_64_TO_32_BIT_CONVERSION = YES;
				GCC_WARN_ABOUT_RETURN_TYPE = YES_ERROR;
				GCC_WARN_UNDECLARED_SELECTOR = YES;
				GCC_WARN_UNINITIALIZED_AUTOS = YES_AGGRESSIVE;
				GCC_WARN_UNUSED_FUNCTION = YES;
				GCC_WARN_UNUSED_VARIABLE = YES;
				IPHONEOS_DEPLOYMENT_TARGET = 13.5;
				MTL_ENABLE_DEBUG_INFO = INCLUDE_SOURCE;
				MTL_FAST_MATH = YES;
				ONLY_ACTIVE_ARCH = YES;
				SDKROOT = iphoneos;
			};
			name = Debug;
		};
		F374E435249C261E0071790A /* Release */ = {
			isa = XCBuildConfiguration;
			buildSettings = {
				ALWAYS_SEARCH_USER_PATHS = NO;
				CLANG_ANALYZER_NONNULL = YES;
				CLANG_ANALYZER_NUMBER_OBJECT_CONVERSION = YES_AGGRESSIVE;
				CLANG_CXX_LANGUAGE_STANDARD = "gnu++14";
				CLANG_CXX_LIBRARY = "libc++";
				CLANG_ENABLE_MODULES = YES;
				CLANG_ENABLE_OBJC_ARC = YES;
				CLANG_ENABLE_OBJC_WEAK = YES;
				CLANG_WARN_BLOCK_CAPTURE_AUTORELEASING = YES;
				CLANG_WARN_BOOL_CONVERSION = YES;
				CLANG_WARN_COMMA = YES;
				CLANG_WARN_CONSTANT_CONVERSION = YES;
				CLANG_WARN_DEPRECATED_OBJC_IMPLEMENTATIONS = YES;
				CLANG_WARN_DIRECT_OBJC_ISA_USAGE = YES_ERROR;
				CLANG_WARN_DOCUMENTATION_COMMENTS = YES;
				CLANG_WARN_EMPTY_BODY = YES;
				CLANG_WARN_ENUM_CONVERSION = YES;
				CLANG_WARN_INFINITE_RECURSION = YES;
				CLANG_WARN_INT_CONVERSION = YES;
				CLANG_WARN_NON_LITERAL_NULL_CONVERSION = YES;
				CLANG_WARN_OBJC_IMPLICIT_RETAIN_SELF = YES;
				CLANG_WARN_OBJC_LITERAL_CONVERSION = YES;
				CLANG_WARN_OBJC_ROOT_CLASS = YES_ERROR;
				CLANG_WARN_RANGE_LOOP_ANALYSIS = YES;
				CLANG_WARN_STRICT_PROTOTYPES = YES;
				CLANG_WARN_SUSPICIOUS_MOVE = YES;
				CLANG_WARN_UNGUARDED_AVAILABILITY = YES_AGGRESSIVE;
				CLANG_WARN_UNREACHABLE_CODE = YES;
				CLANG_WARN__DUPLICATE_METHOD_MATCH = YES;
				COPY_PHASE_STRIP = NO;
				DEBUG_INFORMATION_FORMAT = "dwarf-with-dsym";
				ENABLE_NS_ASSERTIONS = NO;
				ENABLE_STRICT_OBJC_MSGSEND = YES;
				GCC_C_LANGUAGE_STANDARD = gnu11;
				GCC_NO_COMMON_BLOCKS = YES;
				GCC_WARN_64_TO_32_BIT_CONVERSION = YES;
				GCC_WARN_ABOUT_RETURN_TYPE = YES_ERROR;
				GCC_WARN_UNDECLARED_SELECTOR = YES;
				GCC_WARN_UNINITIALIZED_AUTOS = YES_AGGRESSIVE;
				GCC_WARN_UNUSED_FUNCTION = YES;
				GCC_WARN_UNUSED_VARIABLE = YES;
				IPHONEOS_DEPLOYMENT_TARGET = 13.5;
				MTL_ENABLE_DEBUG_INFO = NO;
				MTL_FAST_MATH = YES;
				SDKROOT = iphoneos;
				VALIDATE_PRODUCT = YES;
			};
			name = Release;
		};
		F374E437249C261E0071790A /* Debug */ = {
			isa = XCBuildConfiguration;
			buildSettings = {
				ASSETCATALOG_COMPILER_APPICON_NAME = AppIcon;
				CODE_SIGN_STYLE = Automatic;
				DEVELOPMENT_TEAM = 8C82H4XZR6;
				INFOPLIST_FILE = "rs.ios-stage2-task6/Info.plist";
				IPHONEOS_DEPLOYMENT_TARGET = 10.0;
				LD_RUNPATH_SEARCH_PATHS = (
					"$(inherited)",
					"@executable_path/Frameworks",
				);
				PRODUCT_BUNDLE_IDENTIFIER = "P.rs-ios-stage2-task6";
				PRODUCT_NAME = "$(TARGET_NAME)";
				TARGETED_DEVICE_FAMILY = "1,2";
			};
			name = Debug;
		};
		F374E438249C261E0071790A /* Release */ = {
			isa = XCBuildConfiguration;
			buildSettings = {
				ASSETCATALOG_COMPILER_APPICON_NAME = AppIcon;
				CODE_SIGN_STYLE = Automatic;
				DEVELOPMENT_TEAM = 8C82H4XZR6;
				INFOPLIST_FILE = "rs.ios-stage2-task6/Info.plist";
				IPHONEOS_DEPLOYMENT_TARGET = 10.0;
				LD_RUNPATH_SEARCH_PATHS = (
					"$(inherited)",
					"@executable_path/Frameworks",
				);
				PRODUCT_BUNDLE_IDENTIFIER = "P.rs-ios-stage2-task6";
				PRODUCT_NAME = "$(TARGET_NAME)";
				TARGETED_DEVICE_FAMILY = "1,2";
			};
			name = Release;
		};
/* End XCBuildConfiguration section */

/* Begin XCConfigurationList section */
		F374E418249C26170071790A /* Build configuration list for PBXProject "rs.ios-stage2-task6" */ = {
			isa = XCConfigurationList;
			buildConfigurations = (
				F374E434249C261E0071790A /* Debug */,
				F374E435249C261E0071790A /* Release */,
			);
			defaultConfigurationIsVisible = 0;
			defaultConfigurationName = Release;
		};
		F374E436249C261E0071790A /* Build configuration list for PBXNativeTarget "rs.ios-stage2-task6" */ = {
			isa = XCConfigurationList;
			buildConfigurations = (
				F374E437249C261E0071790A /* Debug */,
				F374E438249C261E0071790A /* Release */,
			);
			defaultConfigurationIsVisible = 0;
			defaultConfigurationName = Release;
		};
/* End XCConfigurationList section */
	};
	rootObject = F374E415249C26170071790A /* Project object */;
}
